
Microsoft Visual Studio Solution File, Format Version 12.00
# Visual Studio Version 16
VisualStudioVersion = 16.0.34031.81
MinimumVisualStudioVersion = 10.0.40219.1
Project("{FAE04EC0-301F-11D3-BF4B-00C04F79EFBC}") = "STRAC", "STRAC\STRAC.csproj", "{882FEF45-4582-4A2D-B2A5-3F81380ABA2D}"
EndProject
Global
	GlobalSection(SolutionConfigurationPlatforms) = preSolution
		Debug|Any CPU = Debug|Any CPU
		Release|Any CPU = Release|Any CPU
	EndGlobalSection
	GlobalSection(ProjectConfigurationPlatforms) = postSolution
		{882FEF45-4582-4A2D-B2A5-3F81380ABA2D}.Debug|Any CPU.ActiveCfg = Debug|Any CPU
		{882FEF45-4582-4A2D-B2A5-3F81380ABA2D}.Debug|Any CPU.Build.0 = Debug|Any CPU
		{882FEF45-4582-4A2D-B2A5-3F81380ABA2D}.Release|Any CPU.ActiveCfg = Release|Any CPU
		{882FEF45-4582-4A2D-B2A5-3F81380ABA2D}.Release|Any CPU.Build.0 = Release|Any CPU
	EndGlobalSection
	GlobalSection(SolutionProperties) = preSolution
		HideSolutionNode = FALSE
	EndGlobalSection
	GlobalSection(ExtensibilityGlobals) = postSolution
		SolutionGuid = {C3762176-84E2-477C-94A7-4691E394ED9B}
	EndGlobalSection
EndGlobal
